{
  "nodes": {
    "nixpkgs": {
      "locked": {
        "lastModified": 1788825563,
        "narHash": "sha256-4oFfl+LkRsLowMiFuI51IuN7/eliv0DBuK9l26gP4PI=",
        "owner": "NixOS",
        "repo": "nixpkgs",
        "rev": "e636fcec08010a36907400f724fc83cc950d8283",
        "type": "github"
      },
      "original": {
        "owner": "NixOS",
        "ref": "nixos-unstable",
        "repo": "nixpkgs",
        "type": "github"
      }
    },
    "root": {
      "inputs": {
        "nixpkgs": "nixpkgs"
      }
    }
  },
  "root": "root",
  "version": 7
}
